
Microsoft Visual Studio Solution File, Format Version 12.00
# Visual Studio Version 16
VisualStudioVersion = 16.0.809.7
MinimumVisualStudioVersion = 10.0.40219.1
Project("{FAE04EC0-301F-11D3-BF4B-00C04F79EFBC}") = "Jones_James_CE07", "Jones_James_CE07\Jones_James_CE07.csproj", "{EA9CDFC7-2017-426E-80FA-EE2291179B3D}"
EndProject
Global
	GlobalSection(SolutionConfigurationPlatforms) = preSolution
		Debug|Any CPU = Debug|Any CPU
		Release|Any CPU = Release|Any CPU
	EndGlobalSection
	GlobalSection(ProjectConfigurationPlatforms) = postSolution
		{EA9CDFC7-2017-426E-80FA-EE2291179B3D}.Debug|Any CPU.ActiveCfg = Debug|Any CPU
		{EA9CDFC7-2017-426E-80FA-EE2291179B3D}.Debug|Any CPU.Build.0 = Debug|Any CPU
		{EA9CDFC7-2017-426E-80FA-EE2291179B3D}.Release|Any CPU.ActiveCfg = Release|Any CPU
		{EA9CDFC7-2017-426E-80FA-EE2291179B3D}.Release|Any CPU.Build.0 = Release|Any CPU
	EndGlobalSection
	GlobalSection(SolutionProperties) = preSolution
		HideSolutionNode = FALSE
	EndGlobalSection
	GlobalSection(ExtensibilityGlobals) = postSolution
		SolutionGuid = {2EC454A2-E26E-4766-BC0F-F89C2A071FB3}
	EndGlobalSection
EndGlobal
